// !$*UTF8*$!
{
	archiveVersion = 1;
	classes = {
	};
	objectVersion = 56;
	objects = {

/* Begin PBXBuildFile section */
		293FB37E2F66963F00FAF88D /* AppDelegate.m in Sources */ = {isa = PBXBuildFile; fileRef = 293FB37D2F66963F00FAF88D /* AppDelegate.m */; };
		293FB3812F66963F00FAF88D /* SceneDelegate.m in Sources */ = {isa = PBXBuildFile; fileRef = 293FB3802F66963F00FAF88D /* SceneDelegate.m */; };
		293FB3872F66963F00FAF88D /* Base in Resources */ = {isa = PBXBuildFile; fileRef = 293FB3862F66963F00FAF88D /* Base */; };
		293FB3892F66964100FAF88D /* Assets.xcassets in Resources */ = {isa = PBXBuildFile; fileRef = 293FB3882F66964100FAF88D /* Assets.xcassets */; };
		293FB38C2F66964100FAF88D /* Base in Resources */ = {isa = PBXBuildFile; fileRef = 293FB38B2F66964100FAF88D /* Base */; };
		293FB38F2F66964100FAF88D /* main.m in Sources */ = {isa = PBXBuildFile; fileRef = 293FB38E2F66964100FAF88D /* main.m */; };
		293FB3972F66A04C00FAF88D /* FirstViewController.m in Sources */ = {isa = PBXBuildFile; fileRef = 293FB3962F66A04C00FAF88D /* FirstViewController.m */; };
		293FB39A2F66A1AD00FAF88D /* SecondViewController.m in Sources */ = {isa = PBXBuildFile; fileRef = 293FB3992F66A1AD00FAF88D /* SecondViewController.m */; };
		293FB39D2F66A1BC00FAF88D /* ThirdViewController.m in Sources */ = {isa = PBXBuildFile; fileRef = 293FB39C2F66A1BC00FAF88D /* ThirdViewController.m */; };
/* End PBXBuildFile section */

/* Begin PBXFileReference section */
		293FB3792F66963F00FAF88D /* tabbarEx.app */ = {isa = PBXFileReference; explicitFileType = wrapper.application; includeInIndex = 0; path = tabbarEx.app; sourceTree = BUILT_PRODUCTS_DIR; };
		293FB37C2F66963F00FAF88D /* AppDelegate.h */ = {isa = PBXFileReference; lastKnownFileType = sourcecode.c.h; path = AppDelegate.h; sourceTree = "<group>"; };
		293FB37D2F66963F00FAF88D /* AppDelegate.m */ = {isa = PBXFileReference; lastKnownFileType = sourcecode.c.objc; path = AppDelegate.m; sourceTree = "<group>"; };
		293FB37F2F66963F00FAF88D /* SceneDelegate.h */ = {isa = PBXFileReference; lastKnownFileType = sourcecode.c.h; path = SceneDelegate.h; sourceTree = "<group>"; };
		293FB3802F66963F00FAF88D /* SceneDelegate.m */ = {isa = PBXFileReference; lastKnownFileType = sourcecode.c.objc; path = SceneDelegate.m; sourceTree = "<group>"; };
		293FB3862F66963F00FAF88D /* Base */ = {isa = PBXFileReference; lastKnownFileType = file.storyboard; name = Base; path = Base.lproj/Main.storyboard; sourceTree = "<group>"; };
		293FB3882F66964100FAF88D /* Assets.xcassets */ = {isa = PBXFileReference; lastKnownFileType = folder.assetcatalog; path = Assets.xcassets; sourceTree = "<group>"; };
		293FB38B2F66964100FAF88D /* Base */ = {isa = PBXFileReference; lastKnownFileType = file.storyboard; name = Base; path = Base.lproj/LaunchScreen.storyboard; sourceTree = "<group>"; };
		293FB38D2F66964100FAF88D /* Info.plist */ = {isa = PBXFileReference; lastKnownFileType = text.plist.xml; path = Info.plist; sourceTree = "<group>"; };
		293FB38E2F66964100FAF88D /* main.m */ = {isa = PBXFileReference; lastKnownFileType = sourcecode.c.objc; path = main.m; sourceTree = "<group>"; };
		293FB3952F66A04C00FAF88D /* FirstViewController.h */ = {isa = PBXFileReference; lastKnownFileType = sourcecode.c.h; path = FirstViewController.h; sourceTree = "<group>"; };
		293FB3962F66A04C00FAF88D /* FirstViewController.m */ = {isa = PBXFileReference; lastKnownFileType = sourcecode.c.objc; path = FirstViewController.m; sourceTree = "<group>"; };
		293FB3982F66A1AD00FAF88D /* SecondViewController.h */ = {isa = PBXFileReference; lastKnownFileType = sourcecode.c.h; path = SecondViewController.h; sourceTree = "<group>"; };
		293FB3992F66A1AD00FAF88D /* SecondViewController.m */ = {isa = PBXFileReference; lastKnownFileType = sourcecode.c.objc; path = SecondViewController.m; sourceTree = "<group>"; };
		293FB39B2F66A1BC00FAF88D /* ThirdViewController.h */ = {isa = PBXFileReference; lastKnownFileType = sourcecode.c.h; path = ThirdViewController.h; sourceTree = "<group>"; };
		293FB39C2F66A1BC00FAF88D /* ThirdViewController.m */ = {isa = PBXFileReference; lastKnownFileType = sourcecode.c.objc; path = ThirdViewController.m; sourceTree = "<group>"; };
/* End PBXFileReference section */

/* Begin PBXFrameworksBuildPhase section */
		293FB3762F66963F00FAF88D /* Frameworks */ = {
			isa = PBXFrameworksBuildPhase;
			buildActionMask = 2147483647;
			files = (
			);
			runOnlyForDeploymentPostprocessing = 0;
		};
/* End PBXFrameworksBuildPhase section */

/* Begin PBXGroup section */
		293FB3702F66963F00FAF88D = {
			isa = PBXGroup;
			children = (
				293FB37B2F66963F00FAF88D /* tabbarEx */,
				293FB37A2F66963F00FAF88D /* Products */,
			);
			sourceTree = "<group>";
		};
		293FB37A2F66963F00FAF88D /* Products */ = {
			isa = PBXGroup;
			children = (
				293FB3792F66963F00FAF88D /* tabbarEx.app */,
			);
			name = Products;
			sourceTree = "<group>";
		};
		293FB37B2F66963F00FAF88D /* tabbarEx */ = {
			isa = PBXGroup;
			children = (
				293FB37C2F66963F00FAF88D /* AppDelegate.h */,
				293FB37D2F66963F00FAF88D /* AppDelegate.m */,
				293FB37F2F66963F00FAF88D /* SceneDelegate.h */,
				293FB3802F66963F00FAF88D /* SceneDelegate.m */,
				293FB3852F66963F00FAF88D /* Main.storyboard */,
				293FB3952F66A04C00FAF88D /* FirstViewController.h */,
				293FB3962F66A04C00FAF88D /* FirstViewController.m */,
				293FB3982F66A1AD00FAF88D /* SecondViewController.h */,
				293FB3992F66A1AD00FAF88D /* SecondViewController.m */,
				293FB39B2F66A1BC00FAF88D /* ThirdViewController.h */,
				293FB39C2F66A1BC00FAF88D /* ThirdViewController.m */,
				293FB3882F66964100FAF88D /* Assets.xcassets */,
				293FB38A2F66964100FAF88D /* LaunchScreen.storyboard */,
				293FB38D2F66964100FAF88D /* Info.plist */,
				293FB38E2F66964100FAF88D /* main.m */,
			);
			path = tabbarEx;
			sourceTree = "<group>";
		};
/* End PBXGroup section */

/* Begin PBXNativeTarget section */
		293FB3782F66963F00FAF88D /* tabbarEx */ = {
			isa = PBXNativeTarget;
			buildConfigurationList = 293FB3922F66964100FAF88D /* Build configuration list for PBXNativeTarget "tabbarEx" */;
			buildPhases = (
				293FB3752F66963F00FAF88D /* Sources */,
				293FB3762F66963F00FAF88D /* Frameworks */,
				293FB3772F66963F00FAF88D /* Resources */,
			);
			buildRules = (
			);
			dependencies = (
			);
			name = tabbarEx;
			productName = tabbarEx;
			productReference = 293FB3792F66963F00FAF88D /* tabbarEx.app */;
			productType = "com.apple.product-type.application";
		};
/* End PBXNativeTarget section */

/* Begin PBXProject section */
		293FB3712F66963F00FAF88D /* Project object */ = {
			isa = PBXProject;
			attributes = {
				BuildIndependentTargetsInParallel = 1;
				LastUpgradeCheck = 1540;
				TargetAttributes = {
					293FB3782F66963F00FAF88D = {
						CreatedOnToolsVersion = 15.4;
					};
				};
			};
			buildConfigurationList = 293FB3742F66963F00FAF88D /* Build configuration list for PBXProject "tabbarEx" */;
			compatibilityVersion = "Xcode 14.0";
			developmentRegion = en;
			hasScannedForEncodings = 0;
			knownRegions = (
				en,
				Base,
			);
			mainGroup = 293FB3702F66963F00FAF88D;
			productRefGroup = 293FB37A2F66963F00FAF88D /* Products */;
			projectDirPath = "";
			projectRoot = "";
			targets = (
				293FB3782F66963F00FAF88D /* tabbarEx */,
			);
		};
/* End PBXProject section */

/* Begin PBXResourcesBuildPhase section */
		293FB3772F66963F00FAF88D /* Resources */ = {
			isa = PBXResourcesBuildPhase;
			buildActionMask = 2147483647;
			files = (
				293FB3892F66964100FAF88D /* Assets.xcassets in Resources */,
				293FB38C2F66964100FAF88D /* Base in Resources */,
				293FB3872F66963F00FAF88D /* Base in Resources */,
			);
			runOnlyForDeploymentPostprocessing = 0;
		};
/* End PBXResourcesBuildPhase section */

/* Begin PBXSourcesBuildPhase section */
		293FB3752F66963F00FAF88D /* Sources */ = {
			isa = PBXSourcesBuildPhase;
			buildActionMask = 2147483647;
			files = (
				293FB39A2F66A1AD00FAF88D /* SecondViewController.m in Sources */,
				293FB37E2F66963F00FAF88D /* AppDelegate.m in Sources */,
				293FB39D2F66A1BC00FAF88D /* ThirdViewController.m in Sources */,
				293FB38F2F66964100FAF88D /* main.m in Sources */,
				293FB3812F66963F00FAF88D /* SceneDelegate.m in Sources */,
				293FB3972F66A04C00FAF88D /* FirstViewController.m in Sources */,
			);
			runOnlyForDeploymentPostprocessing = 0;
		};
/* End PBXSourcesBuildPhase section */

/* Begin PBXVariantGroup section */
		293FB3852F66963F00FAF88D /* Main.storyboard */ = {
			isa = PBXVariantGroup;
			children = (
				293FB3862F66963F00FAF88D /* Base */,
			);
			name = Main.storyboard;
			sourceTree = "<group>";
		};
		293FB38A2F66964100FAF88D /* LaunchScreen.storyboard */ = {
			isa = PBXVariantGroup;
			children = (
				293FB38B2F66964100FAF88D /* Base */,
			);
			name = LaunchScreen.storyboard;
			sourceTree = "<group>";
		};
/* End PBXVariantGroup section */

/* Begin XCBuildConfiguration section */
		293FB3902F66964100FAF88D /* Debug */ = {
			isa = XCBuildConfiguration;
			buildSettings = {
				ALWAYS_SEARCH_USER_PATHS = NO;
				ASSETCATALOG_COMPILER_GENERATE_SWIFT_ASSET_SYMBOL_EXTENSIONS = YES;
				CLANG_ANALYZER_NONNULL = YES;
				CLANG_ANALYZER_NUMBER_OBJECT_CONVERSION = YES_AGGRESSIVE;
				CLANG_CXX_LANGUAGE_STANDARD = "gnu++20";
				CLANG_ENABLE_MODULES = YES;
				CLANG_ENABLE_OBJC_ARC = YES;
				CLANG_ENABLE_OBJC_WEAK = YES;
				CLANG_WARN_BLOCK_CAPTURE_AUTORELEASING = YES;
				CLANG_WARN_BOOL_CONVERSION = YES;
				CLANG_WARN_COMMA = YES;
				CLANG_WARN_CONSTANT_CONVERSION = YES;
				CLANG_WARN_DEPRECATED_OBJC_IMPLEMENTATIONS = YES;
				CLANG_WARN_DIRECT_OBJC_ISA_USAGE = YES_ERROR;
				CLANG_WARN_DOCUMENTATION_COMMENTS = YES;
				CLANG_WARN_EMPTY_BODY = YES;
				CLANG_WARN_ENUM_CONVERSION = YES;
				CLANG_WARN_INFINITE_RECURSION = YES;
				CLANG_WARN_INT_CONVERSION = YES;
				CLANG_WARN_NON_LITERAL_NULL_CONVERSION = YES;
				CLANG_WARN_OBJC_IMPLICIT_RETAIN_SELF = YES;
				CLANG_WARN_OBJC_LITERAL_CONVERSION = YES;
				CLANG_WARN_OBJC_ROOT_CLASS = YES_ERROR;
				CLANG_WARN_QUOTED_INCLUDE_IN_FRAMEWORK_HEADER = YES;
				CLANG_WARN_RANGE_LOOP_ANALYSIS = YES;
				CLANG_WARN_STRICT_PROTOTYPES = YES;
				CLANG_WARN_SUSPICIOUS_MOVE = YES;
				CLANG_WARN_UNGUARDED_AVAILABILITY = YES_AGGRESSIVE;
				CLANG_WARN_UNREACHABLE_CODE = YES;
				CLANG_WARN__DUPLICATE_METHOD_MATCH = YES;
				COPY_PHASE_STRIP = NO;
				DEBUG_INFORMATION_FORMAT = dwarf;
				ENABLE_STRICT_OBJC_MSGSEND = YES;
				ENABLE_TESTABILITY = YES;
				ENABLE_USER_SCRIPT_SANDBOXING = YES;
				GCC_C_LANGUAGE_STANDARD = gnu17;
				GCC_DYNAMIC_NO_PIC = NO;
				GCC_NO_COMMON_BLOCKS = YES;
				GCC_OPTIMIZATION_LEVEL = 0;
				GCC_PREPROCESSOR_DEFINITIONS = (
					"DEBUG=1",
					"$(inherited)",
				);
				GCC_WARN_64_TO_32_BIT_CONVERSION = YES;
				GCC_WARN_ABOUT_RETURN_TYPE = YES_ERROR;
				GCC_WARN_UNDECLARED_SELECTOR = YES;
				GCC_WARN_UNINITIALIZED_AUTOS = YES_AGGRESSIVE;
				GCC_WARN_UNUSED_FUNCTION = YES;
				GCC_WARN_UNUSED_VARIABLE = YES;
				IPHONEOS_DEPLOYMENT_TARGET = 17.5;
				LOCALIZATION_PREFERS_STRING_CATALOGS = YES;
				MTL_ENABLE_DEBUG_INFO = INCLUDE_SOURCE;
				MTL_FAST_MATH = YES;
				ONLY_ACTIVE_ARCH = YES;
				SDKROOT = iphoneos;
			};
			name = Debug;
		};
		293FB3912F66964100FAF88D /* Release */ = {
			isa = XCBuildConfiguration;
			buildSettings = {
				ALWAYS_SEARCH_USER_PATHS = NO;
				ASSETCATALOG_COMPILER_GENERATE_SWIFT_ASSET_SYMBOL_EXTENSIONS = YES;
				CLANG_ANALYZER_NONNULL = YES;
				CLANG_ANALYZER_NUMBER_OBJECT_CONVERSION = YES_AGGRESSIVE;
				CLANG_CXX_LANGUAGE_STANDARD = "gnu++20";
				CLANG_ENABLE_MODULES = YES;
				CLANG_ENABLE_OBJC_ARC = YES;
				CLANG_ENABLE_OBJC_WEAK = YES;
				CLANG_WARN_BLOCK_CAPTURE_AUTORELEASING = YES;
				CLANG_WARN_BOOL_CONVERSION = YES;
				CLANG_WARN_COMMA = YES;
				CLANG_WARN_CONSTANT_CONVERSION = YES;
				CLANG_WARN_DEPRECATED_OBJC_IMPLEMENTATIONS = YES;
				CLANG_WARN_DIRECT_OBJC_ISA_USAGE = YES_ERROR;
				CLANG_WARN_DOCUMENTATION_COMMENTS = YES;
				CLANG_WARN_EMPTY_BODY = YES;
				CLANG_WARN_ENUM_CONVERSION = YES;
				CLANG_WARN_INFINITE_RECURSION = YES;
				CLANG_WARN_INT_CONVERSION = YES;
				CLANG_WARN_NON_LITERAL_NULL_CONVERSION = YES;
				CLANG_WARN_OBJC_IMPLICIT_RETAIN_SELF = YES;
				CLANG_WARN_OBJC_LITERAL_CONVERSION = YES;
				CLANG_WARN_OBJC_ROOT_CLASS = YES_ERROR;
				CLANG_WARN_QUOTED_INCLUDE_IN_FRAMEWORK_HEADER = YES;
				CLANG_WARN_RANGE_LOOP_ANALYSIS = YES;
				CLANG_WARN_STRICT_PROTOTYPES = YES;
				CLANG_WARN_SUSPICIOUS_MOVE = YES;
				CLANG_WARN_UNGUARDED_AVAILABILITY = YES_AGGRESSIVE;
				CLANG_WARN_UNREACHABLE_CODE = YES;
				CLANG_WARN__DUPLICATE_METHOD_MATCH = YES;
				COPY_PHASE_STRIP = NO;
				DEBUG_INFORMATION_FORMAT = "dwarf-with-dsym";
				ENABLE_NS_ASSERTIONS = NO;
				ENABLE_STRICT_OBJC_MSGSEND = YES;
				ENABLE_USER_SCRIPT_SANDBOXING = YES;
				GCC_C_LANGUAGE_STANDARD = gnu17;
				GCC_NO_COMMON_BLOCKS = YES;
				GCC_WARN_64_TO_32_BIT_CONVERSION = YES;
				GCC_WARN_ABOUT_RETURN_TYPE = YES_ERROR;
				GCC_WARN_UNDECLARED_SELECTOR = YES;
				GCC_WARN_UNINITIALIZED_AUTOS = YES_AGGRESSIVE;
				GCC_WARN_UNUSED_FUNCTION = YES;
				GCC_WARN_UNUSED_VARIABLE = YES;
				IPHONEOS_DEPLOYMENT_TARGET = 17.5;
				LOCALIZATION_PREFERS_STRING_CATALOGS = YES;
				MTL_ENABLE_DEBUG_INFO = NO;
				MTL_FAST_MATH = YES;
				SDKROOT = iphoneos;
				VALIDATE_PRODUCT = YES;
			};
			name = Release;
		};
		293FB3932F66964100FAF88D /* Debug */ = {
			isa = XCBuildConfiguration;
			buildSettings = {
				ASSETCATALOG_COMPILER_APPICON_NAME = AppIcon;
				ASSETCATALOG_COMPILER_GLOBAL_ACCENT_COLOR_NAME = AccentColor;
				CODE_SIGN_STYLE = Automatic;
				CURRENT_PROJECT_VERSION = 1;
				GENERATE_INFOPLIST_FILE = YES;
				INFOPLIST_FILE = tabbarEx/Info.plist;
				INFOPLIST_KEY_UIApplicationSupportsIndirectInputEvents = YES;
				INFOPLIST_KEY_UILaunchStoryboardName = LaunchScreen;
				INFOPLIST_KEY_UIMainStoryboardFile = Main;
				INFOPLIST_KEY_UISupportedInterfaceOrientations_iPad = "UIInterfaceOrientationPortrait UIInterfaceOrientationPortraitUpsideDown UIInterfaceOrientationLandscapeLeft UIInterfaceOrientationLandscapeRight";
				INFOPLIST_KEY_UISupportedInterfaceOrientations_iPhone = "UIInterfaceOrientationPortrait UIInterfaceOrientationLandscapeLeft UIInterfaceOrientationLandscapeRight";
				LD_RUNPATH_SEARCH_PATHS = (
					"$(inherited)",
					"@executable_path/Frameworks",
				);
				MARKETING_VERSION = 1.0;
				PRODUCT_BUNDLE_IDENTIFIER = com.appstamp.tabbarEx;
				PRODUCT_NAME = "$(TARGET_NAME)";
				SWIFT_EMIT_LOC_STRINGS = YES;
				TARGETED_DEVICE_FAMILY = "1,2";
			};
			name = Debug;
		};
		293FB3942F66964100FAF88D /* Release */ = {
			isa = XCBuildConfiguration;
			buildSettings = {
				ASSETCATALOG_COMPILER_APPICON_NAME = AppIcon;
				ASSETCATALOG_COMPILER_GLOBAL_ACCENT_COLOR_NAME = AccentColor;
				CODE_SIGN_STYLE = Automatic;
				CURRENT_PROJECT_VERSION = 1;
				GENERATE_INFOPLIST_FILE = YES;
				INFOPLIST_FILE = tabbarEx/Info.plist;
				INFOPLIST_KEY_UIApplicationSupportsIndirectInputEvents = YES;
				INFOPLIST_KEY_UILaunchStoryboardName = LaunchScreen;
				INFOPLIST_KEY_UIMainStoryboardFile = Main;
				INFOPLIST_KEY_UISupportedInterfaceOrientations_iPad = "UIInterfaceOrientationPortrait UIInterfaceOrientationPortraitUpsideDown UIInterfaceOrientationLandscapeLeft UIInterfaceOrientationLandscapeRight";
				INFOPLIST_KEY_UISupportedInterfaceOrientations_iPhone = "UIInterfaceOrientationPortrait UIInterfaceOrientationLandscapeLeft UIInterfaceOrientationLandscapeRight";
				LD_RUNPATH_SEARCH_PATHS = (
					"$(inherited)",
					"@executable_path/Frameworks",
				);
				MARKETING_VERSION = 1.0;
				PRODUCT_BUNDLE_IDENTIFIER = com.appstamp.tabbarEx;
				PRODUCT_NAME = "$(TARGET_NAME)";
				SWIFT_EMIT_LOC_STRINGS = YES;
				TARGETED_DEVICE_FAMILY = "1,2";
			};
			name = Release;
		};
/* End XCBuildConfiguration section */

/* Begin XCConfigurationList section */
		293FB3742F66963F00FAF88D /* Build configuration list for PBXProject "tabbarEx" */ = {
			isa = XCConfigurationList;
			buildConfigurations = (
				293FB3902F66964100FAF88D /* Debug */,
				293FB3912F66964100FAF88D /* Release */,
			);
			defaultConfigurationIsVisible = 0;
			defaultConfigurationName = Release;
		};
		293FB3922F66964100FAF88D /* Build configuration list for PBXNativeTarget "tabbarEx" */ = {
			isa = XCConfigurationList;
			buildConfigurations = (
				293FB3932F66964100FAF88D /* Debug */,
				293FB3942F66964100FAF88D /* Release */,
			);
			defaultConfigurationIsVisible = 0;
			defaultConfigurationName = Release;
		};
/* End XCConfigurationList section */
	};
	rootObject = 293FB3712F66963F00FAF88D /* Project object */;
}
